// !$*UTF8*$!
{
	archiveVersion = 1;
	classes = {
	};
	objectVersion = 56;
	objects = {

/* Begin PBXBuildFile section */
		5253FD6D4DDC6EC19E1331FC /* Pods_JuncKit.framework in Frameworks */ = {isa = PBXBuildFile; fileRef = 8DAEE8CA5611110381F4B2E6 /* Pods_JuncKit.framework */; };
		B8813D582A903213006EF570 /* APIEnvironment.swift in Sources */ = {isa = PBXBuildFile; fileRef = B8813D572A903213006EF570 /* APIEnvironment.swift */; };
		B8813D642A90AD4D006EF570 /* Launch Screen.storyboard in Resources */ = {isa = PBXBuildFile; fileRef = B8813D632A90AD4D006EF570 /* Launch Screen.storyboard */; };
		B8813D672A90AD8E006EF570 /* OnboardingView.swift in Sources */ = {isa = PBXBuildFile; fileRef = B8813D662A90AD8E006EF570 /* OnboardingView.swift */; };
		B8813D6A2A90AFA6006EF570 /* CallBusView.swift in Sources */ = {isa = PBXBuildFile; fileRef = B8813D692A90AFA6006EF570 /* CallBusView.swift */; };
		B8813D6F2A90B8C4006EF570 /* WaitingBusView.swift in Sources */ = {isa = PBXBuildFile; fileRef = B8813D6E2A90B8C4006EF570 /* WaitingBusView.swift */; };
		B8813D712A90B93B006EF570 /* WaitingBusTextView.swift in Sources */ = {isa = PBXBuildFile; fileRef = B8813D702A90B93B006EF570 /* WaitingBusTextView.swift */; };
		B8813D732A90BDBB006EF570 /* WaitingBusImageView.swift in Sources */ = {isa = PBXBuildFile; fileRef = B8813D722A90BDBB006EF570 /* WaitingBusImageView.swift */; };
		B8813D752A90BF05006EF570 /* ButtonComponent.swift in Sources */ = {isa = PBXBuildFile; fileRef = B8813D742A90BF05006EF570 /* ButtonComponent.swift */; };
		B8813D772A90C036006EF570 /* Color+Extension.swift in Sources */ = {isa = PBXBuildFile; fileRef = B8813D762A90C036006EF570 /* Color+Extension.swift */; };
		B8813D792A90E579006EF570 /* WaitingCallsList.swift in Sources */ = {isa = PBXBuildFile; fileRef = B8813D782A90E579006EF570 /* WaitingCallsList.swift */; };
		B8813D7B2A90E6AE006EF570 /* WaitingCallView.swift in Sources */ = {isa = PBXBuildFile; fileRef = B8813D7A2A90E6AE006EF570 /* WaitingCallView.swift */; };
		B8813D7D2A90E820006EF570 /* GetCallView.swift in Sources */ = {isa = PBXBuildFile; fileRef = B8813D7C2A90E820006EF570 /* GetCallView.swift */; };
		B8813D7F2A90ED9B006EF570 /* WebSocket.swift in Sources */ = {isa = PBXBuildFile; fileRef = B8813D7E2A90ED9B006EF570 /* WebSocket.swift */; };
		B8813D822A90F86D006EF570 /* Client.swift in Sources */ = {isa = PBXBuildFile; fileRef = B8813D812A90F86D006EF570 /* Client.swift */; };
		B8A0EAC12A9114CF0011479A /* LocationManager.swift in Sources */ = {isa = PBXBuildFile; fileRef = B8A0EAC02A9114CF0011479A /* LocationManager.swift */; };
		B8F9D9732A8FCA5A006A454F /* JuncKitApp.swift in Sources */ = {isa = PBXBuildFile; fileRef = B8F9D9722A8FCA5A006A454F /* JuncKitApp.swift */; };
		B8F9D9772A8FCA5C006A454F /* Assets.xcassets in Resources */ = {isa = PBXBuildFile; fileRef = B8F9D9762A8FCA5C006A454F /* Assets.xcassets */; };
		B8F9D97A2A8FCA5C006A454F /* Preview Assets.xcassets in Resources */ = {isa = PBXBuildFile; fileRef = B8F9D9792A8FCA5C006A454F /* Preview Assets.xcassets */; };
/* End PBXBuildFile section */

/* Begin PBXFileReference section */
		8DAEE8CA5611110381F4B2E6 /* Pods_JuncKit.framework */ = {isa = PBXFileReference; explicitFileType = wrapper.framework; includeInIndex = 0; path = Pods_JuncKit.framework; sourceTree = BUILT_PRODUCTS_DIR; };
		AFC34F82DE2CAF5CF88D7262 /* Pods-JuncKit.release.xcconfig */ = {isa = PBXFileReference; includeInIndex = 1; lastKnownFileType = text.xcconfig; name = "Pods-JuncKit.release.xcconfig"; path = "Target Support Files/Pods-JuncKit/Pods-JuncKit.release.xcconfig"; sourceTree = "<group>"; };
		B8813D4A2A8FF5EA006EF570 /* JuncKit.entitlements */ = {isa = PBXFileReference; lastKnownFileType = text.plist.entitlements; path = JuncKit.entitlements; sourceTree = "<group>"; };
		B8813D552A903182006EF570 /* Info.plist */ = {isa = PBXFileReference; lastKnownFileType = text.plist; path = Info.plist; sourceTree = "<group>"; };
		B8813D572A903213006EF570 /* APIEnvironment.swift */ = {isa = PBXFileReference; lastKnownFileType = sourcecode.swift; path = APIEnvironment.swift; sourceTree = "<group>"; };
		B8813D632A90AD4D006EF570 /* Launch Screen.storyboard */ = {isa = PBXFileReference; lastKnownFileType = file.storyboard; path = "Launch Screen.storyboard"; sourceTree = "<group>"; };
		B8813D662A90AD8E006EF570 /* OnboardingView.swift */ = {isa = PBXFileReference; lastKnownFileType = sourcecode.swift; path = OnboardingView.swift; sourceTree = "<group>"; };
		B8813D692A90AFA6006EF570 /* CallBusView.swift */ = {isa = PBXFileReference; lastKnownFileType = sourcecode.swift; path = CallBusView.swift; sourceTree = "<group>"; };
		B8813D6E2A90B8C4006EF570 /* WaitingBusView.swift */ = {isa = PBXFileReference; lastKnownFileType = sourcecode.swift; path = WaitingBusView.swift; sourceTree = "<group>"; };
		B8813D702A90B93B006EF570 /* WaitingBusTextView.swift */ = {isa = PBXFileReference; lastKnownFileType = sourcecode.swift; path = WaitingBusTextView.swift; sourceTree = "<group>"; };
		B8813D722A90BDBB006EF570 /* WaitingBusImageView.swift */ = {isa = PBXFileReference; lastKnownFileType = sourcecode.swift; path = WaitingBusImageView.swift; sourceTree = "<group>"; };
		B8813D742A90BF05006EF570 /* ButtonComponent.swift */ = {isa = PBXFileReference; lastKnownFileType = sourcecode.swift; path = ButtonComponent.swift; sourceTree = "<group>"; };
		B8813D762A90C036006EF570 /* Color+Extension.swift */ = {isa = PBXFileReference; lastKnownFileType = sourcecode.swift; path = "Color+Extension.swift"; sourceTree = "<group>"; };
		B8813D782A90E579006EF570 /* WaitingCallsList.swift */ = {isa = PBXFileReference; lastKnownFileType = sourcecode.swift; path = WaitingCallsList.swift; sourceTree = "<group>"; };
		B8813D7A2A90E6AE006EF570 /* WaitingCallView.swift */ = {isa = PBXFileReference; lastKnownFileType = sourcecode.swift; path = WaitingCallView.swift; sourceTree = "<group>"; };
		B8813D7C2A90E820006EF570 /* GetCallView.swift */ = {isa = PBXFileReference; lastKnownFileType = sourcecode.swift; path = GetCallView.swift; sourceTree = "<group>"; };
		B8813D7E2A90ED9B006EF570 /* WebSocket.swift */ = {isa = PBXFileReference; lastKnownFileType = sourcecode.swift; path = WebSocket.swift; sourceTree = "<group>"; };
		B8813D812A90F86D006EF570 /* Client.swift */ = {isa = PBXFileReference; lastKnownFileType = sourcecode.swift; path = Client.swift; sourceTree = "<group>"; };
		B8A0EAC02A9114CF0011479A /* LocationManager.swift */ = {isa = PBXFileReference; lastKnownFileType = sourcecode.swift; path = LocationManager.swift; sourceTree = "<group>"; };
		B8F9D96F2A8FCA5A006A454F /* JuncKit.app */ = {isa = PBXFileReference; explicitFileType = wrapper.application; includeInIndex = 0; path = JuncKit.app; sourceTree = BUILT_PRODUCTS_DIR; };
		B8F9D9722A8FCA5A006A454F /* JuncKitApp.swift */ = {isa = PBXFileReference; lastKnownFileType = sourcecode.swift; path = JuncKitApp.swift; sourceTree = "<group>"; };
		B8F9D9762A8FCA5C006A454F /* Assets.xcassets */ = {isa = PBXFileReference; lastKnownFileType = folder.assetcatalog; path = Assets.xcassets; sourceTree = "<group>"; };
		B8F9D9792A8FCA5C006A454F /* Preview Assets.xcassets */ = {isa = PBXFileReference; lastKnownFileType = folder.assetcatalog; path = "Preview Assets.xcassets"; sourceTree = "<group>"; };
		DDCB150B43496470DD95FF22 /* Pods-JuncKit.debug.xcconfig */ = {isa = PBXFileReference; includeInIndex = 1; lastKnownFileType = text.xcconfig; name = "Pods-JuncKit.debug.xcconfig"; path = "Target Support Files/Pods-JuncKit/Pods-JuncKit.debug.xcconfig"; sourceTree = "<group>"; };
/* End PBXFileReference section */

/* Begin PBXFrameworksBuildPhase section */
		B8F9D96C2A8FCA5A006A454F /* Frameworks */ = {
			isa = PBXFrameworksBuildPhase;
			buildActionMask = 2147483647;
			files = (
				5253FD6D4DDC6EC19E1331FC /* Pods_JuncKit.framework in Frameworks */,
			);
			runOnlyForDeploymentPostprocessing = 0;
		};
/* End PBXFrameworksBuildPhase section */

/* Begin PBXGroup section */
		37113784222EC83E20BA932F /* Frameworks */ = {
			isa = PBXGroup;
			children = (
				8DAEE8CA5611110381F4B2E6 /* Pods_JuncKit.framework */,
			);
			name = Frameworks;
			sourceTree = "<group>";
		};
		73332F0B01455A5B36833B6A /* Pods */ = {
			isa = PBXGroup;
			children = (
				DDCB150B43496470DD95FF22 /* Pods-JuncKit.debug.xcconfig */,
				AFC34F82DE2CAF5CF88D7262 /* Pods-JuncKit.release.xcconfig */,
			);
			path = Pods;
			sourceTree = "<group>";
		};
		B8813D512A9005F8006EF570 /* Model */ = {
			isa = PBXGroup;
			children = (
				B8813D802A90F862006EF570 /* Stomp */,
				B8813D572A903213006EF570 /* APIEnvironment.swift */,
				B8813D7E2A90ED9B006EF570 /* WebSocket.swift */,
			);
			path = Model;
			sourceTree = "<group>";
		};
		B8813D562A9031FE006EF570 /* Extensions */ = {
			isa = PBXGroup;
			children = (
				B8813D742A90BF05006EF570 /* ButtonComponent.swift */,
				B8813D762A90C036006EF570 /* Color+Extension.swift */,
			);
			path = Extensions;
			sourceTree = "<group>";
		};
		B8813D652A90AD5F006EF570 /* Onboarding */ = {
			isa = PBXGroup;
			children = (
				B8813D632A90AD4D006EF570 /* Launch Screen.storyboard */,
				B8813D662A90AD8E006EF570 /* OnboardingView.swift */,
			);
			path = Onboarding;
			sourceTree = "<group>";
		};
		B8813D682A90AF59006EF570 /* Passenger */ = {
			isa = PBXGroup;
			children = (
				B8813D692A90AFA6006EF570 /* CallBusView.swift */,
				B8813D6E2A90B8C4006EF570 /* WaitingBusView.swift */,
				B8813D702A90B93B006EF570 /* WaitingBusTextView.swift */,
				B8813D722A90BDBB006EF570 /* WaitingBusImageView.swift */,
			);
			path = Passenger;
			sourceTree = "<group>";
		};
		B8813D6B2A90B54D006EF570 /* BusDriver */ = {
			isa = PBXGroup;
			children = (
				B8813D782A90E579006EF570 /* WaitingCallsList.swift */,
				B8813D7A2A90E6AE006EF570 /* WaitingCallView.swift */,
				B8813D7C2A90E820006EF570 /* GetCallView.swift */,
			);
			path = BusDriver;
			sourceTree = "<group>";
		};
		B8813D802A90F862006EF570 /* Stomp */ = {
			isa = PBXGroup;
			children = (
				B8813D812A90F86D006EF570 /* Client.swift */,
			);
			path = Stomp;
			sourceTree = "<group>";
		};
		B8A0EABF2A9114C40011479A /* Utils */ = {
			isa = PBXGroup;
			children = (
				B8A0EAC02A9114CF0011479A /* LocationManager.swift */,
			);
			path = Utils;
			sourceTree = "<group>";
		};
		B8F9D9662A8FCA5A006A454F = {
			isa = PBXGroup;
			children = (
				B8F9D9712A8FCA5A006A454F /* JuncKit */,
				B8F9D9702A8FCA5A006A454F /* Products */,
				73332F0B01455A5B36833B6A /* Pods */,
				37113784222EC83E20BA932F /* Frameworks */,
			);
			sourceTree = "<group>";
		};
		B8F9D9702A8FCA5A006A454F /* Products */ = {
			isa = PBXGroup;
			children = (
				B8F9D96F2A8FCA5A006A454F /* JuncKit.app */,
			);
			name = Products;
			sourceTree = "<group>";
		};
		B8F9D9712A8FCA5A006A454F /* JuncKit */ = {
			isa = PBXGroup;
			children = (
				B8A0EABF2A9114C40011479A /* Utils */,
				B8813D562A9031FE006EF570 /* Extensions */,
				B8813D552A903182006EF570 /* Info.plist */,
				B8813D512A9005F8006EF570 /* Model */,
				B8813D4A2A8FF5EA006EF570 /* JuncKit.entitlements */,
				B8F9D9782A8FCA5C006A454F /* Preview Content */,
				B8F9D9822A8FCB64006A454F /* App */,
				B8F9D9812A8FCB5B006A454F /* Resources */,
				B8F9D9802A8FCB54006A454F /* View */,
			);
			path = JuncKit;
			sourceTree = "<group>";
		};
		B8F9D9782A8FCA5C006A454F /* Preview Content */ = {
			isa = PBXGroup;
			children = (
				B8F9D9792A8FCA5C006A454F /* Preview Assets.xcassets */,
			);
			path = "Preview Content";
			sourceTree = "<group>";
		};
		B8F9D9802A8FCB54006A454F /* View */ = {
			isa = PBXGroup;
			children = (
				B8813D6B2A90B54D006EF570 /* BusDriver */,
				B8813D682A90AF59006EF570 /* Passenger */,
				B8813D652A90AD5F006EF570 /* Onboarding */,
			);
			path = View;
			sourceTree = "<group>";
		};
		B8F9D9812A8FCB5B006A454F /* Resources */ = {
			isa = PBXGroup;
			children = (
				B8F9D9762A8FCA5C006A454F /* Assets.xcassets */,
			);
			path = Resources;
			sourceTree = "<group>";
		};
		B8F9D9822A8FCB64006A454F /* App */ = {
			isa = PBXGroup;
			children = (
				B8F9D9722A8FCA5A006A454F /* JuncKitApp.swift */,
			);
			path = App;
			sourceTree = "<group>";
		};
/* End PBXGroup section */

/* Begin PBXNativeTarget section */
		B8F9D96E2A8FCA5A006A454F /* JuncKit */ = {
			isa = PBXNativeTarget;
			buildConfigurationList = B8F9D97D2A8FCA5C006A454F /* Build configuration list for PBXNativeTarget "JuncKit" */;
			buildPhases = (
				E045DA67B3BF92135F787288 /* [CP] Check Pods Manifest.lock */,
				B8F9D96B2A8FCA5A006A454F /* Sources */,
				B8F9D96C2A8FCA5A006A454F /* Frameworks */,
				B8F9D96D2A8FCA5A006A454F /* Resources */,
				0A88DE75F91ED5DB374A0E74 /* [CP] Embed Pods Frameworks */,
			);
			buildRules = (
			);
			dependencies = (
			);
			name = JuncKit;
			productName = JuncKit;
			productReference = B8F9D96F2A8FCA5A006A454F /* JuncKit.app */;
			productType = "com.apple.product-type.application";
		};
/* End PBXNativeTarget section */

/* Begin PBXProject section */
		B8F9D9672A8FCA5A006A454F /* Project object */ = {
			isa = PBXProject;
			attributes = {
				BuildIndependentTargetsInParallel = 1;
				LastSwiftUpdateCheck = 1430;
				LastUpgradeCheck = 1430;
				TargetAttributes = {
					B8F9D96E2A8FCA5A006A454F = {
						CreatedOnToolsVersion = 14.3.1;
					};
				};
			};
			buildConfigurationList = B8F9D96A2A8FCA5A006A454F /* Build configuration list for PBXProject "JuncKit" */;
			compatibilityVersion = "Xcode 14.0";
			developmentRegion = en;
			hasScannedForEncodings = 0;
			knownRegions = (
				en,
				Base,
			);
			mainGroup = B8F9D9662A8FCA5A006A454F;
			productRefGroup = B8F9D9702A8FCA5A006A454F /* Products */;
			projectDirPath = "";
			projectRoot = "";
			targets = (
				B8F9D96E2A8FCA5A006A454F /* JuncKit */,
			);
		};
/* End PBXProject section */

/* Begin PBXResourcesBuildPhase section */
		B8F9D96D2A8FCA5A006A454F /* Resources */ = {
			isa = PBXResourcesBuildPhase;
			buildActionMask = 2147483647;
			files = (
				B8813D642A90AD4D006EF570 /* Launch Screen.storyboard in Resources */,
				B8F9D97A2A8FCA5C006A454F /* Preview Assets.xcassets in Resources */,
				B8F9D9772A8FCA5C006A454F /* Assets.xcassets in Resources */,
			);
			runOnlyForDeploymentPostprocessing = 0;
		};
/* End PBXResourcesBuildPhase section */

/* Begin PBXShellScriptBuildPhase section */
		0A88DE75F91ED5DB374A0E74 /* [CP] Embed Pods Frameworks */ = {
			isa = PBXShellScriptBuildPhase;
			buildActionMask = 2147483647;
			files = (
			);
			inputFileListPaths = (
				"${PODS_ROOT}/Target Support Files/Pods-JuncKit/Pods-JuncKit-frameworks-${CONFIGURATION}-input-files.xcfilelist",
			);
			name = "[CP] Embed Pods Frameworks";
			outputFileListPaths = (
				"${PODS_ROOT}/Target Support Files/Pods-JuncKit/Pods-JuncKit-frameworks-${CONFIGURATION}-output-files.xcfilelist",
			);
			runOnlyForDeploymentPostprocessing = 0;
			shellPath = /bin/sh;
			shellScript = "\"${PODS_ROOT}/Target Support Files/Pods-JuncKit/Pods-JuncKit-frameworks.sh\"\n";
			showEnvVarsInLog = 0;
		};
		E045DA67B3BF92135F787288 /* [CP] Check Pods Manifest.lock */ = {
			isa = PBXShellScriptBuildPhase;
			buildActionMask = 2147483647;
			files = (
			);
			inputFileListPaths = (
			);
			inputPaths = (
				"${PODS_PODFILE_DIR_PATH}/Podfile.lock",
				"${PODS_ROOT}/Manifest.lock",
			);
			name = "[CP] Check Pods Manifest.lock";
			outputFileListPaths = (
			);
			outputPaths = (
				"$(DERIVED_FILE_DIR)/Pods-JuncKit-checkManifestLockResult.txt",
			);
			runOnlyForDeploymentPostprocessing = 0;
			shellPath = /bin/sh;
			shellScript = "diff \"${PODS_PODFILE_DIR_PATH}/Podfile.lock\" \"${PODS_ROOT}/Manifest.lock\" > /dev/null\nif [ $? != 0 ] ; then\n    # print error to STDERR\n    echo \"error: The sandbox is not in sync with the Podfile.lock. Run 'pod install' or update your CocoaPods installation.\" >&2\n    exit 1\nfi\n# This output is used by Xcode 'outputs' to avoid re-running this script phase.\necho \"SUCCESS\" > \"${SCRIPT_OUTPUT_FILE_0}\"\n";
			showEnvVarsInLog = 0;
		};
/* End PBXShellScriptBuildPhase section */

/* Begin PBXSourcesBuildPhase section */
		B8F9D96B2A8FCA5A006A454F /* Sources */ = {
			isa = PBXSourcesBuildPhase;
			buildActionMask = 2147483647;
			files = (
				B8813D672A90AD8E006EF570 /* OnboardingView.swift in Sources */,
				B8813D772A90C036006EF570 /* Color+Extension.swift in Sources */,
				B8A0EAC12A9114CF0011479A /* LocationManager.swift in Sources */,
				B8813D6A2A90AFA6006EF570 /* CallBusView.swift in Sources */,
				B8F9D9732A8FCA5A006A454F /* JuncKitApp.swift in Sources */,
				B8813D7B2A90E6AE006EF570 /* WaitingCallView.swift in Sources */,
				B8813D6F2A90B8C4006EF570 /* WaitingBusView.swift in Sources */,
				B8813D582A903213006EF570 /* APIEnvironment.swift in Sources */,
				B8813D7D2A90E820006EF570 /* GetCallView.swift in Sources */,
				B8813D822A90F86D006EF570 /* Client.swift in Sources */,
				B8813D712A90B93B006EF570 /* WaitingBusTextView.swift in Sources */,
				B8813D7F2A90ED9B006EF570 /* WebSocket.swift in Sources */,
				B8813D752A90BF05006EF570 /* ButtonComponent.swift in Sources */,
				B8813D732A90BDBB006EF570 /* WaitingBusImageView.swift in Sources */,
				B8813D792A90E579006EF570 /* WaitingCallsList.swift in Sources */,
			);
			runOnlyForDeploymentPostprocessing = 0;
		};
/* End PBXSourcesBuildPhase section */

/* Begin XCBuildConfiguration section */
		B8F9D97B2A8FCA5C006A454F /* Debug */ = {
			isa = XCBuildConfiguration;
			buildSettings = {
				ALWAYS_SEARCH_USER_PATHS = NO;
				CLANG_ANALYZER_NONNULL = YES;
				CLANG_ANALYZER_NUMBER_OBJECT_CONVERSION = YES_AGGRESSIVE;
				CLANG_CXX_LANGUAGE_STANDARD = "gnu++20";
				CLANG_ENABLE_MODULES = YES;
				CLANG_ENABLE_OBJC_ARC = YES;
				CLANG_ENABLE_OBJC_WEAK = YES;
				CLANG_WARN_BLOCK_CAPTURE_AUTORELEASING = YES;
				CLANG_WARN_BOOL_CONVERSION = YES;
				CLANG_WARN_COMMA = YES;
				CLANG_WARN_CONSTANT_CONVERSION = YES;
				CLANG_WARN_DEPRECATED_OBJC_IMPLEMENTATIONS = YES;
				CLANG_WARN_DIRECT_OBJC_ISA_USAGE = YES_ERROR;
				CLANG_WARN_DOCUMENTATION_COMMENTS = YES;
				CLANG_WARN_EMPTY_BODY = YES;
				CLANG_WARN_ENUM_CONVERSION = YES;
				CLANG_WARN_INFINITE_RECURSION = YES;
				CLANG_WARN_INT_CONVERSION = YES;
				CLANG_WARN_NON_LITERAL_NULL_CONVERSION = YES;
				CLANG_WARN_OBJC_IMPLICIT_RETAIN_SELF = YES;
				CLANG_WARN_OBJC_LITERAL_CONVERSION = YES;
				CLANG_WARN_OBJC_ROOT_CLASS = YES_ERROR;
				CLANG_WARN_QUOTED_INCLUDE_IN_FRAMEWORK_HEADER = YES;
				CLANG_WARN_RANGE_LOOP_ANALYSIS = YES;
				CLANG_WARN_STRICT_PROTOTYPES = YES;
				CLANG_WARN_SUSPICIOUS_MOVE = YES;
				CLANG_WARN_UNGUARDED_AVAILABILITY = YES_AGGRESSIVE;
				CLANG_WARN_UNREACHABLE_CODE = YES;
				CLANG_WARN__DUPLICATE_METHOD_MATCH = YES;
				COPY_PHASE_STRIP = NO;
				DEBUG_INFORMATION_FORMAT = dwarf;
				ENABLE_STRICT_OBJC_MSGSEND = YES;
				ENABLE_TESTABILITY = YES;
				GCC_C_LANGUAGE_STANDARD = gnu11;
				GCC_DYNAMIC_NO_PIC = NO;
				GCC_NO_COMMON_BLOCKS = YES;
				GCC_OPTIMIZATION_LEVEL = 0;
				GCC_PREPROCESSOR_DEFINITIONS = (
					"DEBUG=1",
					"$(inherited)",
				);
				GCC_WARN_64_TO_32_BIT_CONVERSION = YES;
				GCC_WARN_ABOUT_RETURN_TYPE = YES_ERROR;
				GCC_WARN_UNDECLARED_SELECTOR = YES;
				GCC_WARN_UNINITIALIZED_AUTOS = YES_AGGRESSIVE;
				GCC_WARN_UNUSED_FUNCTION = YES;
				GCC_WARN_UNUSED_VARIABLE = YES;
				IPHONEOS_DEPLOYMENT_TARGET = 16.4;
				MTL_ENABLE_DEBUG_INFO = INCLUDE_SOURCE;
				MTL_FAST_MATH = YES;
				ONLY_ACTIVE_ARCH = YES;
				SDKROOT = iphoneos;
				SWIFT_ACTIVE_COMPILATION_CONDITIONS = DEBUG;
				SWIFT_OPTIMIZATION_LEVEL = "-Onone";
			};
			name = Debug;
		};
		B8F9D97C2A8FCA5C006A454F /* Release */ = {
			isa = XCBuildConfiguration;
			buildSettings = {
				ALWAYS_SEARCH_USER_PATHS = NO;
				CLANG_ANALYZER_NONNULL = YES;
				CLANG_ANALYZER_NUMBER_OBJECT_CONVERSION = YES_AGGRESSIVE;
				CLANG_CXX_LANGUAGE_STANDARD = "gnu++20";
				CLANG_ENABLE_MODULES = YES;
				CLANG_ENABLE_OBJC_ARC = YES;
				CLANG_ENABLE_OBJC_WEAK = YES;
				CLANG_WARN_BLOCK_CAPTURE_AUTORELEASING = YES;
				CLANG_WARN_BOOL_CONVERSION = YES;
				CLANG_WARN_COMMA = YES;
				CLANG_WARN_CONSTANT_CONVERSION = YES;
				CLANG_WARN_DEPRECATED_OBJC_IMPLEMENTATIONS = YES;
				CLANG_WARN_DIRECT_OBJC_ISA_USAGE = YES_ERROR;
				CLANG_WARN_DOCUMENTATION_COMMENTS = YES;
				CLANG_WARN_EMPTY_BODY = YES;
				CLANG_WARN_ENUM_CONVERSION = YES;
				CLANG_WARN_INFINITE_RECURSION = YES;
				CLANG_WARN_INT_CONVERSION = YES;
				CLANG_WARN_NON_LITERAL_NULL_CONVERSION = YES;
				CLANG_WARN_OBJC_IMPLICIT_RETAIN_SELF = YES;
				CLANG_WARN_OBJC_LITERAL_CONVERSION = YES;
				CLANG_WARN_OBJC_ROOT_CLASS = YES_ERROR;
				CLANG_WARN_QUOTED_INCLUDE_IN_FRAMEWORK_HEADER = YES;
				CLANG_WARN_RANGE_LOOP_ANALYSIS = YES;
				CLANG_WARN_STRICT_PROTOTYPES = YES;
				CLANG_WARN_SUSPICIOUS_MOVE = YES;
				CLANG_WARN_UNGUARDED_AVAILABILITY = YES_AGGRESSIVE;
				CLANG_WARN_UNREACHABLE_CODE = YES;
				CLANG_WARN__DUPLICATE_METHOD_MATCH = YES;
				COPY_PHASE_STRIP = NO;
				DEBUG_INFORMATION_FORMAT = "dwarf-with-dsym";
				ENABLE_NS_ASSERTIONS = NO;
				ENABLE_STRICT_OBJC_MSGSEND = YES;
				GCC_C_LANGUAGE_STANDARD = gnu11;
				GCC_NO_COMMON_BLOCKS = YES;
				GCC_WARN_64_TO_32_BIT_CONVERSION = YES;
				GCC_WARN_ABOUT_RETURN_TYPE = YES_ERROR;
				GCC_WARN_UNDECLARED_SELECTOR = YES;
				GCC_WARN_UNINITIALIZED_AUTOS = YES_AGGRESSIVE;
				GCC_WARN_UNUSED_FUNCTION = YES;
				GCC_WARN_UNUSED_VARIABLE = YES;
				IPHONEOS_DEPLOYMENT_TARGET = 16.4;
				MTL_ENABLE_DEBUG_INFO = NO;
				MTL_FAST_MATH = YES;
				SDKROOT = iphoneos;
				SWIFT_COMPILATION_MODE = wholemodule;
				SWIFT_OPTIMIZATION_LEVEL = "-O";
				VALIDATE_PRODUCT = YES;
			};
			name = Release;
		};
		B8F9D97E2A8FCA5C006A454F /* Debug */ = {
			isa = XCBuildConfiguration;
			baseConfigurationReference = DDCB150B43496470DD95FF22 /* Pods-JuncKit.debug.xcconfig */;
			buildSettings = {
				ASSETCATALOG_COMPILER_APPICON_NAME = AppIcon;
				ASSETCATALOG_COMPILER_GLOBAL_ACCENT_COLOR_NAME = AccentColor;
				CODE_SIGN_ENTITLEMENTS = JuncKit/JuncKit.entitlements;
				CODE_SIGN_STYLE = Automatic;
				CURRENT_PROJECT_VERSION = 1;
				DEVELOPMENT_ASSET_PATHS = "\"JuncKit/Preview Content\"";
				DEVELOPMENT_TEAM = 82Q43H4UQQ;
				ENABLE_PREVIEWS = YES;
				GENERATE_INFOPLIST_FILE = YES;
				INFOPLIST_FILE = JuncKit/Info.plist;
				INFOPLIST_KEY_UIApplicationSceneManifest_Generation = YES;
				INFOPLIST_KEY_UIApplicationSupportsIndirectInputEvents = YES;
				INFOPLIST_KEY_UILaunchScreen_Generation = YES;
				INFOPLIST_KEY_UISupportedInterfaceOrientations_iPad = "UIInterfaceOrientationPortrait UIInterfaceOrientationPortraitUpsideDown UIInterfaceOrientationLandscapeLeft UIInterfaceOrientationLandscapeRight";
				INFOPLIST_KEY_UISupportedInterfaceOrientations_iPhone = "UIInterfaceOrientationPortrait UIInterfaceOrientationLandscapeLeft UIInterfaceOrientationLandscapeRight";
				LD_RUNPATH_SEARCH_PATHS = (
					"$(inherited)",
					"@executable_path/Frameworks",
				);
				MARKETING_VERSION = 1.0;
				PRODUCT_BUNDLE_IDENTIFIER = com.epark.JuncKit;
				PRODUCT_NAME = "$(TARGET_NAME)";
				SERVER_URL = "http://52.78.148.42:8080";
				SWIFT_EMIT_LOC_STRINGS = YES;
				SWIFT_VERSION = 5.0;
				TARGETED_DEVICE_FAMILY = "1,2";
				d = "";
			};
			name = Debug;
		};
		B8F9D97F2A8FCA5C006A454F /* Release */ = {
			isa = XCBuildConfiguration;
			baseConfigurationReference = AFC34F82DE2CAF5CF88D7262 /* Pods-JuncKit.release.xcconfig */;
			buildSettings = {
				ASSETCATALOG_COMPILER_APPICON_NAME = AppIcon;
				ASSETCATALOG_COMPILER_GLOBAL_ACCENT_COLOR_NAME = AccentColor;
				CODE_SIGN_ENTITLEMENTS = JuncKit/JuncKit.entitlements;
				CODE_SIGN_STYLE = Automatic;
				CURRENT_PROJECT_VERSION = 1;
				DEVELOPMENT_ASSET_PATHS = "\"JuncKit/Preview Content\"";
				DEVELOPMENT_TEAM = 82Q43H4UQQ;
				ENABLE_PREVIEWS = YES;
				GENERATE_INFOPLIST_FILE = YES;
				INFOPLIST_FILE = JuncKit/Info.plist;
				INFOPLIST_KEY_UIApplicationSceneManifest_Generation = YES;
				INFOPLIST_KEY_UIApplicationSupportsIndirectInputEvents = YES;
				INFOPLIST_KEY_UILaunchScreen_Generation = YES;
				INFOPLIST_KEY_UISupportedInterfaceOrientations_iPad = "UIInterfaceOrientationPortrait UIInterfaceOrientationPortraitUpsideDown UIInterfaceOrientationLandscapeLeft UIInterfaceOrientationLandscapeRight";
				INFOPLIST_KEY_UISupportedInterfaceOrientations_iPhone = "UIInterfaceOrientationPortrait UIInterfaceOrientationLandscapeLeft UIInterfaceOrientationLandscapeRight";
				LD_RUNPATH_SEARCH_PATHS = (
					"$(inherited)",
					"@executable_path/Frameworks",
				);
				MARKETING_VERSION = 1.0;
				PRODUCT_BUNDLE_IDENTIFIER = com.epark.JuncKit;
				PRODUCT_NAME = "$(TARGET_NAME)";
				SERVER_URL = "http://52.78.148.42:8080";
				SWIFT_EMIT_LOC_STRINGS = YES;
				SWIFT_VERSION = 5.0;
				TARGETED_DEVICE_FAMILY = "1,2";
				d = "";
			};
			name = Release;
		};
/* End XCBuildConfiguration section */

/* Begin XCConfigurationList section */
		B8F9D96A2A8FCA5A006A454F /* Build configuration list for PBXProject "JuncKit" */ = {
			isa = XCConfigurationList;
			buildConfigurations = (
				B8F9D97B2A8FCA5C006A454F /* Debug */,
				B8F9D97C2A8FCA5C006A454F /* Release */,
			);
			defaultConfigurationIsVisible = 0;
			defaultConfigurationName = Release;
		};
		B8F9D97D2A8FCA5C006A454F /* Build configuration list for PBXNativeTarget "JuncKit" */ = {
			isa = XCConfigurationList;
			buildConfigurations = (
				B8F9D97E2A8FCA5C006A454F /* Debug */,
				B8F9D97F2A8FCA5C006A454F /* Release */,
			);
			defaultConfigurationIsVisible = 0;
			defaultConfigurationName = Release;
		};
/* End XCConfigurationList section */
	};
	rootObject = B8F9D9672A8FCA5A006A454F /* Project object */;
}
